github.com/zhangdapeng520/zdpgo_log v1.3.7 h1:x6mZHF/qIw+kYuQ4AU40RWnDRa6XQ9zBDVSo+xcBbX4=
github.com/zhangdapeng520/zdpgo_log v1.3.7/go.mod h1:9NmnzOPjzQJ2tabLlwk+vZ/iD+c3l87Wj3Lneed/61g=
github.com/zhangdapeng520/zdpgo_password v1.2.9 h1:M9ZitYyAYYaQnUpXHRrYvk20moj76K0yyNyBeTbWGY4=
github.com/zhangdapeng520/zdpgo_password v1.2.9/go.mod h1:KcXzy1L5qiFv6xPFIODhZSyvjqIURHy3ePNI3priYyE=
github.com/zhangdapeng520/zdpgo_uuid v0.1.1 h1:GtixuSME2G9IUTYWjsIinEQRlhokfAjimhFhMGqHQX8=
github.com/zhangdapeng520/zdpgo_uuid v0.1.1/go.mod h1:9G0OdQgZcPffoVaCwDJ6xLmeBY6y+wvS3GqGMdRvlyU=
golang.org/x/sys v0.0.0-20210927094055-39ccf1dd6fa6 h1:foEbQz/B0Oz6YIqu/69kfXPYeFQAuuMYFkjaqXzl5Wo=
golang.org/x/sys v0.0.0-20210927094055-39ccf1dd6fa6/go.mod h1:oPkhp1MJrh7nUepCBck5+mAzfO9JrbApNNgaTdGDITg=
